
Microsoft Visual Studio Solution File, Format Version 11.00
# Visual Studio 2010
Project("{FAE04EC0-301F-11D3-BF4B-00C04F79EFBC}") = "SportsStore.Domain", "SportsStore.Domain\SportsStore.Domain.csproj", "{754B748E-84E2-4CFE-8AC8-2D82B1988C07}"
EndProject
Project("{FAE04EC0-301F-11D3-BF4B-00C04F79EFBC}") = "SportsStore.WebUI", "SportsStore.WebUI\SportsStore.WebUI.csproj", "{70890067-4E7A-47F8-9E49-86A8FB0042F7}"
EndProject
Project("{FAE04EC0-301F-11D3-BF4B-00C04F79EFBC}") = "SportsStore.UnitTests", "SportsStore.UnitTests\SportsStore.UnitTests.csproj", "{4CBD25F1-1AB4-43BC-AD85-0B77C714A5B8}"
EndProject
Global
	GlobalSection(SolutionConfigurationPlatforms) = preSolution
		Debug|Any CPU = Debug|Any CPU
		Release|Any CPU = Release|Any CPU
	EndGlobalSection
	GlobalSection(ProjectConfigurationPlatforms) = postSolution
		{754B748E-84E2-4CFE-8AC8-2D82B1988C07}.Debug|Any CPU.ActiveCfg = Debug|Any CPU
		{754B748E-84E2-4CFE-8AC8-2D82B1988C07}.Debug|Any CPU.Build.0 = Debug|Any CPU
		{754B748E-84E2-4CFE-8AC8-2D82B1988C07}.Release|Any CPU.ActiveCfg = Release|Any CPU
		{754B748E-84E2-4CFE-8AC8-2D82B1988C07}.Release|Any CPU.Build.0 = Release|Any CPU
		{70890067-4E7A-47F8-9E49-86A8FB0042F7}.Debug|Any CPU.ActiveCfg = Debug|Any CPU
		{70890067-4E7A-47F8-9E49-86A8FB0042F7}.Debug|Any CPU.Build.0 = Debug|Any CPU
		{70890067-4E7A-47F8-9E49-86A8FB0042F7}.Release|Any CPU.ActiveCfg = Release|Any CPU
		{70890067-4E7A-47F8-9E49-86A8FB0042F7}.Release|Any CPU.Build.0 = Release|Any CPU
		{4CBD25F1-1AB4-43BC-AD85-0B77C714A5B8}.Debug|Any CPU.ActiveCfg = Debug|Any CPU
		{4CBD25F1-1AB4-43BC-AD85-0B77C714A5B8}.Debug|Any CPU.Build.0 = Debug|Any CPU
		{4CBD25F1-1AB4-43BC-AD85-0B77C714A5B8}.Release|Any CPU.ActiveCfg = Release|Any CPU
		{4CBD25F1-1AB4-43BC-AD85-0B77C714A5B8}.Release|Any CPU.Build.0 = Release|Any CPU
	EndGlobalSection
	GlobalSection(SolutionProperties) = preSolution
		HideSolutionNode = FALSE
	EndGlobalSection
EndGlobal
